{
  "name": "npmdir",
  "version": "1.0.0",
  "lockfileVersion": 3,
  "requires": true,
  "packages": {
    "": {
      "name": "npmdir",
      "version": "1.0.0",
      "license": "ISC",
      "dependencies": {
        "figlet": "^1.6.0",
        "shamcalc": "^1.0.2"
      }
    },
    "node_modules/figlet": {
      "version": "1.6.0",
      "resolved": "https://registry.npmjs.org/figlet/-/figlet-1.6.0.tgz",
      "integrity": "sha512-31EQGhCEITv6+hi2ORRPyn3bulaV9Fl4xOdR169cBzH/n1UqcxsiSB/noo6SJdD7Kfb1Ljit+IgR1USvF/XbdA==",
      "bin": {
        "figlet": "bin/index.js"
      },
      "engines": {
        "node": ">= 0.4.0"
      }
    },
    "node_modules/shamcalc": {
      "version": "1.0.2",
      "resolved": "https://registry.npmjs.org/shamcalc/-/shamcalc-1.0.2.tgz",
      "integrity": "sha512-kx+3VMEvfsQx2eqEuvWTjx8sjDCDZ7b96omPUP+LBoNBzhqnnQKq0PH5kRWsauUgb90+gxkTX5HJzhPJ4v3ECA=="
    }
  }
}
